// !$*UTF8*$!
{
	archiveVersion = 1;
	classes = {
	};
	objectVersion = 46;
	objects = {

/* Begin PBXBuildFile section */
		DAA5E6FA1A91A9690010BB30 /* libVTMobileSDK.a in Frameworks */ = {isa = PBXBuildFile; fileRef = DAA5E6F91A91A9690010BB30 /* libVTMobileSDK.a */; };
		DAA5E7281A91AB7E0010BB30 /* JSONModel.m in Sources */ = {isa = PBXBuildFile; fileRef = DAA5E7111A91AB7E0010BB30 /* JSONModel.m */; };
		DAA5E7291A91AB7E0010BB30 /* JSONModelArray.m in Sources */ = {isa = PBXBuildFile; fileRef = DAA5E7131A91AB7E0010BB30 /* JSONModelArray.m */; };
		DAA5E72A1A91AB7E0010BB30 /* JSONModelClassProperty.m in Sources */ = {isa = PBXBuildFile; fileRef = DAA5E7151A91AB7E0010BB30 /* JSONModelClassProperty.m */; };
		DAA5E72B1A91AB7E0010BB30 /* JSONModelError.m in Sources */ = {isa = PBXBuildFile; fileRef = DAA5E7171A91AB7E0010BB30 /* JSONModelError.m */; };
		DAA5E72C1A91AB7E0010BB30 /* NSArray+JSONModel.m in Sources */ = {isa = PBXBuildFile; fileRef = DAA5E71A1A91AB7E0010BB30 /* NSArray+JSONModel.m */; };
		DAA5E72D1A91AB7E0010BB30 /* JSONAPI.m in Sources */ = {isa = PBXBuildFile; fileRef = DAA5E71E1A91AB7E0010BB30 /* JSONAPI.m */; };
		DAA5E72E1A91AB7E0010BB30 /* JSONHTTPClient.m in Sources */ = {isa = PBXBuildFile; fileRef = DAA5E7201A91AB7E0010BB30 /* JSONHTTPClient.m */; };
		DAA5E72F1A91AB7E0010BB30 /* JSONModel+networking.m in Sources */ = {isa = PBXBuildFile; fileRef = DAA5E7221A91AB7E0010BB30 /* JSONModel+networking.m */; };
		DAA5E7301A91AB7E0010BB30 /* JSONKeyMapper.m in Sources */ = {isa = PBXBuildFile; fileRef = DAA5E7251A91AB7E0010BB30 /* JSONKeyMapper.m */; };
		DAA5E7311A91AB7E0010BB30 /* JSONValueTransformer.m in Sources */ = {isa = PBXBuildFile; fileRef = DAA5E7271A91AB7E0010BB30 /* JSONValueTransformer.m */; };
		DAA5E7331A91EC160010BB30 /* CheckoutController.swift in Sources */ = {isa = PBXBuildFile; fileRef = DAA5E7321A91EC160010BB30 /* CheckoutController.swift */; };
		DAA5E7371A91ED650010BB30 /* VTCheckout.swift in Sources */ = {isa = PBXBuildFile; fileRef = DAA5E7361A91ED650010BB30 /* VTCheckout.swift */; };
		DAAF36DA1A8CA83A00EB89BC /* AppDelegate.swift in Sources */ = {isa = PBXBuildFile; fileRef = DAAF36D91A8CA83A00EB89BC /* AppDelegate.swift */; };
		DAAF36DC1A8CA83A00EB89BC /* ViewController.swift in Sources */ = {isa = PBXBuildFile; fileRef = DAAF36DB1A8CA83A00EB89BC /* ViewController.swift */; };
		DAAF36DF1A8CA83A00EB89BC /* Main.storyboard in Resources */ = {isa = PBXBuildFile; fileRef = DAAF36DD1A8CA83A00EB89BC /* Main.storyboard */; };
		DAAF36E11A8CA83A00EB89BC /* Images.xcassets in Resources */ = {isa = PBXBuildFile; fileRef = DAAF36E01A8CA83A00EB89BC /* Images.xcassets */; };
		DAAF36E41A8CA83A00EB89BC /* LaunchScreen.xib in Resources */ = {isa = PBXBuildFile; fileRef = DAAF36E21A8CA83A00EB89BC /* LaunchScreen.xib */; };
		DAAF36F01A8CA83A00EB89BC /* VTMobileSDK_SampleiOSTests.swift in Sources */ = {isa = PBXBuildFile; fileRef = DAAF36EF1A8CA83A00EB89BC /* VTMobileSDK_SampleiOSTests.swift */; };
		DABE1A9C1A8DF90700F29A8F /* VTItem.swift in Sources */ = {isa = PBXBuildFile; fileRef = DABE1A9B1A8DF90700F29A8F /* VTItem.swift */; };
/* End PBXBuildFile section */

/* Begin PBXContainerItemProxy section */
		DAAF36EA1A8CA83A00EB89BC /* PBXContainerItemProxy */ = {
			isa = PBXContainerItemProxy;
			containerPortal = DAAF36CC1A8CA83900EB89BC /* Project object */;
			proxyType = 1;
			remoteGlobalIDString = DAAF36D31A8CA83900EB89BC;
			remoteInfo = "VTMobileSDK-SampleiOS";
		};
/* End PBXContainerItemProxy section */

/* Begin PBXFileReference section */
		DAA5E6F91A91A9690010BB30 /* libVTMobileSDK.a */ = {isa = PBXFileReference; lastKnownFileType = archive.ar; name = libVTMobileSDK.a; path = libs/libVTMobileSDK.a; sourceTree = "<group>"; };
		DAA5E6FC1A91A97E0010BB30 /* VTBaseRequest.h */ = {isa = PBXFileReference; fileEncoding = 4; lastKnownFileType = sourcecode.c.h; path = VTBaseRequest.h; sourceTree = "<group>"; };
		DAA5E6FD1A91A97E0010BB30 /* VTBaseResponse.h */ = {isa = PBXFileReference; fileEncoding = 4; lastKnownFileType = sourcecode.c.h; path = VTBaseResponse.h; sourceTree = "<group>"; };
		DAA5E6FE1A91A97E0010BB30 /* VTCardDetails.h */ = {isa = PBXFileReference; fileEncoding = 4; lastKnownFileType = sourcecode.c.h; path = VTCardDetails.h; sourceTree = "<group>"; };
		DAA5E6FF1A91A97E0010BB30 /* VTChargeRequest.h */ = {isa = PBXFileReference; fileEncoding = 4; lastKnownFileType = sourcecode.c.h; path = VTChargeRequest.h; sourceTree = "<group>"; };
		DAA5E7001A91A97E0010BB30 /* VTChargeResponse.h */ = {isa = PBXFileReference; fileEncoding = 4; lastKnownFileType = sourcecode.c.h; path = VTChargeResponse.h; sourceTree = "<group>"; };
		DAA5E7011A91A97E0010BB30 /* VTConfirmTransactionRequest.h */ = {isa = PBXFileReference; fileEncoding = 4; lastKnownFileType = sourcecode.c.h; path = VTConfirmTransactionRequest.h; sourceTree = "<group>"; };
		DAA5E7021A91A97E0010BB30 /* VTConfirmTransactionResponse.h */ = {isa = PBXFileReference; fileEncoding = 4; lastKnownFileType = sourcecode.c.h; path = VTConfirmTransactionResponse.h; sourceTree = "<group>"; };
		DAA5E7031A91A97E0010BB30 /* VTConstants.h */ = {isa = PBXFileReference; fileEncoding = 4; lastKnownFileType = sourcecode.c.h; path = VTConstants.h; sourceTree = "<group>"; };
		DAA5E7041A91A97E0010BB30 /* VTGetProductResponse.h */ = {isa = PBXFileReference; fileEncoding = 4; lastKnownFileType = sourcecode.c.h; path = VTGetProductResponse.h; sourceTree = "<group>"; };
		DAA5E7051A91A97E0010BB30 /* VTHttpContainer.h */ = {isa = PBXFileReference; fileEncoding = 4; lastKnownFileType = sourcecode.c.h; path = VTHttpContainer.h; sourceTree = "<group>"; };
		DAA5E7061A91A97E0010BB30 /* VTMobile.h */ = {isa = PBXFileReference; fileEncoding = 4; lastKnownFileType = sourcecode.c.h; path = VTMobile.h; sourceTree = "<group>"; };
		DAA5E7071A91A97E0010BB30 /* VTMobileConfig.h */ = {isa = PBXFileReference; fileEncoding = 4; lastKnownFileType = sourcecode.c.h; path = VTMobileConfig.h; sourceTree = "<group>"; };
		DAA5E7081A91A97E0010BB30 /* VTProduct.h */ = {isa = PBXFileReference; fileEncoding = 4; lastKnownFileType = sourcecode.c.h; path = VTProduct.h; sourceTree = "<group>"; };
		DAA5E7091A91A97E0010BB30 /* VTTokenData.h */ = {isa = PBXFileReference; fileEncoding = 4; lastKnownFileType = sourcecode.c.h; path = VTTokenData.h; sourceTree = "<group>"; };
		DAA5E70A1A91A97E0010BB30 /* VTTokenRequest.h */ = {isa = PBXFileReference; fileEncoding = 4; lastKnownFileType = sourcecode.c.h; path = VTTokenRequest.h; sourceTree = "<group>"; };
		DAA5E70B1A91A97E0010BB30 /* VTTokenResponse.h */ = {isa = PBXFileReference; fileEncoding = 4; lastKnownFileType = sourcecode.c.h; path = VTTokenResponse.h; sourceTree = "<group>"; };
		DAA5E70D1A91AA320010BB30 /* VTMobileSDK-Bridging-Header.h */ = {isa = PBXFileReference; lastKnownFileType = sourcecode.c.h; path = "VTMobileSDK-Bridging-Header.h"; sourceTree = "<group>"; };
		DAA5E7101A91AB7E0010BB30 /* JSONModel.h */ = {isa = PBXFileReference; fileEncoding = 4; lastKnownFileType = sourcecode.c.h; path = JSONModel.h; sourceTree = "<group>"; };
		DAA5E7111A91AB7E0010BB30 /* JSONModel.m */ = {isa = PBXFileReference; fileEncoding = 4; lastKnownFileType = sourcecode.c.objc; path = JSONModel.m; sourceTree = "<group>"; };
		DAA5E7121A91AB7E0010BB30 /* JSONModelArray.h */ = {isa = PBXFileReference; fileEncoding = 4; lastKnownFileType = sourcecode.c.h; path = JSONModelArray.h; sourceTree = "<group>"; };
		DAA5E7131A91AB7E0010BB30 /* JSONModelArray.m */ = {isa = PBXFileReference; fileEncoding = 4; lastKnownFileType = sourcecode.c.objc; path = JSONModelArray.m; sourceTree = "<group>"; };
		DAA5E7141A91AB7E0010BB30 /* JSONModelClassProperty.h */ = {isa = PBXFileReference; fileEncoding = 4; lastKnownFileType = sourcecode.c.h; path = JSONModelClassProperty.h; sourceTree = "<group>"; };
		DAA5E7151A91AB7E0010BB30 /* JSONModelClassProperty.m */ = {isa = PBXFileReference; fileEncoding = 4; lastKnownFileType = sourcecode.c.objc; path = JSONModelClassProperty.m; sourceTree = "<group>"; };
		DAA5E7161A91AB7E0010BB30 /* JSONModelError.h */ = {isa = PBXFileReference; fileEncoding = 4; lastKnownFileType = sourcecode.c.h; path = JSONModelError.h; sourceTree = "<group>"; };
		DAA5E7171A91AB7E0010BB30 /* JSONModelError.m */ = {isa = PBXFileReference; fileEncoding = 4; lastKnownFileType = sourcecode.c.objc; path = JSONModelError.m; sourceTree = "<group>"; };
		DAA5E7191A91AB7E0010BB30 /* NSArray+JSONModel.h */ = {isa = PBXFileReference; fileEncoding = 4; lastKnownFileType = sourcecode.c.h; path = "NSArray+JSONModel.h"; sourceTree = "<group>"; };
		DAA5E71A1A91AB7E0010BB30 /* NSArray+JSONModel.m */ = {isa = PBXFileReference; fileEncoding = 4; lastKnownFileType = sourcecode.c.objc; path = "NSArray+JSONModel.m"; sourceTree = "<group>"; };
		DAA5E71B1A91AB7E0010BB30 /* JSONModelLib.h */ = {isa = PBXFileReference; fileEncoding = 4; lastKnownFileType = sourcecode.c.h; path = JSONModelLib.h; sourceTree = "<group>"; };
		DAA5E71D1A91AB7E0010BB30 /* JSONAPI.h */ = {isa = PBXFileReference; fileEncoding = 4; lastKnownFileType = sourcecode.c.h; path = JSONAPI.h; sourceTree = "<group>"; };
		DAA5E71E1A91AB7E0010BB30 /* JSONAPI.m */ = {isa = PBXFileReference; fileEncoding = 4; lastKnownFileType = sourcecode.c.objc; path = JSONAPI.m; sourceTree = "<group>"; };
		DAA5E71F1A91AB7E0010BB30 /* JSONHTTPClient.h */ = {isa = PBXFileReference; fileEncoding = 4; lastKnownFileType = sourcecode.c.h; path = JSONHTTPClient.h; sourceTree = "<group>"; };
		DAA5E7201A91AB7E0010BB30 /* JSONHTTPClient.m */ = {isa = PBXFileReference; fileEncoding = 4; lastKnownFileType = sourcecode.c.objc; path = JSONHTTPClient.m; sourceTree = "<group>"; };
		DAA5E7211A91AB7E0010BB30 /* JSONModel+networking.h */ = {isa = PBXFileReference; fileEncoding = 4; lastKnownFileType = sourcecode.c.h; path = "JSONModel+networking.h"; sourceTree = "<group>"; };
		DAA5E7221A91AB7E0010BB30 /* JSONModel+networking.m */ = {isa = PBXFileReference; fileEncoding = 4; lastKnownFileType = sourcecode.c.objc; path = "JSONModel+networking.m"; sourceTree = "<group>"; };
		DAA5E7241A91AB7E0010BB30 /* JSONKeyMapper.h */ = {isa = PBXFileReference; fileEncoding = 4; lastKnownFileType = sourcecode.c.h; path = JSONKeyMapper.h; sourceTree = "<group>"; };
		DAA5E7251A91AB7E0010BB30 /* JSONKeyMapper.m */ = {isa = PBXFileReference; fileEncoding = 4; lastKnownFileType = sourcecode.c.objc; path = JSONKeyMapper.m; sourceTree = "<group>"; };
		DAA5E7261A91AB7E0010BB30 /* JSONValueTransformer.h */ = {isa = PBXFileReference; fileEncoding = 4; lastKnownFileType = sourcecode.c.h; path = JSONValueTransformer.h; sourceTree = "<group>"; };
		DAA5E7271A91AB7E0010BB30 /* JSONValueTransformer.m */ = {isa = PBXFileReference; fileEncoding = 4; lastKnownFileType = sourcecode.c.objc; path = JSONValueTransformer.m; sourceTree = "<group>"; };
		DAA5E7321A91EC160010BB30 /* CheckoutController.swift */ = {isa = PBXFileReference; fileEncoding = 4; lastKnownFileType = sourcecode.swift; path = CheckoutController.swift; sourceTree = "<group>"; };
		DAA5E7361A91ED650010BB30 /* VTCheckout.swift */ = {isa = PBXFileReference; fileEncoding = 4; lastKnownFileType = sourcecode.swift; path = VTCheckout.swift; sourceTree = "<group>"; };
		DAAF36D41A8CA83A00EB89BC /* VTMobileSDK-SampleiOS.app */ = {isa = PBXFileReference; explicitFileType = wrapper.application; includeInIndex = 0; path = "VTMobileSDK-SampleiOS.app"; sourceTree = BUILT_PRODUCTS_DIR; };
		DAAF36D81A8CA83A00EB89BC /* Info.plist */ = {isa = PBXFileReference; lastKnownFileType = text.plist.xml; path = Info.plist; sourceTree = "<group>"; };
		DAAF36D91A8CA83A00EB89BC /* AppDelegate.swift */ = {isa = PBXFileReference; lastKnownFileType = sourcecode.swift; path = AppDelegate.swift; sourceTree = "<group>"; };
		DAAF36DB1A8CA83A00EB89BC /* ViewController.swift */ = {isa = PBXFileReference; lastKnownFileType = sourcecode.swift; path = ViewController.swift; sourceTree = "<group>"; };
		DAAF36DE1A8CA83A00EB89BC /* Base */ = {isa = PBXFileReference; lastKnownFileType = file.storyboard; name = Base; path = Base.lproj/Main.storyboard; sourceTree = "<group>"; };
		DAAF36E01A8CA83A00EB89BC /* Images.xcassets */ = {isa = PBXFileReference; lastKnownFileType = folder.assetcatalog; path = Images.xcassets; sourceTree = "<group>"; };
		DAAF36E31A8CA83A00EB89BC /* Base */ = {isa = PBXFileReference; lastKnownFileType = file.xib; name = Base; path = Base.lproj/LaunchScreen.xib; sourceTree = "<group>"; };
		DAAF36E91A8CA83A00EB89BC /* VTMobileSDK-SampleiOSTests.xctest */ = {isa = PBXFileReference; explicitFileType = wrapper.cfbundle; includeInIndex = 0; path = "VTMobileSDK-SampleiOSTests.xctest"; sourceTree = BUILT_PRODUCTS_DIR; };
		DAAF36EE1A8CA83A00EB89BC /* Info.plist */ = {isa = PBXFileReference; lastKnownFileType = text.plist.xml; path = Info.plist; sourceTree = "<group>"; };
		DAAF36EF1A8CA83A00EB89BC /* VTMobileSDK_SampleiOSTests.swift */ = {isa = PBXFileReference; lastKnownFileType = sourcecode.swift; path = VTMobileSDK_SampleiOSTests.swift; sourceTree = "<group>"; };
		DABE1A9B1A8DF90700F29A8F /* VTItem.swift */ = {isa = PBXFileReference; fileEncoding = 4; lastKnownFileType = sourcecode.swift; path = VTItem.swift; sourceTree = "<group>"; };
/* End PBXFileReference section */

/* Begin PBXFrameworksBuildPhase section */
		DAAF36D11A8CA83900EB89BC /* Frameworks */ = {
			isa = PBXFrameworksBuildPhase;
			buildActionMask = 2147483647;
			files = (
				DAA5E6FA1A91A9690010BB30 /* libVTMobileSDK.a in Frameworks */,
			);
			runOnlyForDeploymentPostprocessing = 0;
		};
		DAAF36E61A8CA83A00EB89BC /* Frameworks */ = {
			isa = PBXFrameworksBuildPhase;
			buildActionMask = 2147483647;
			files = (
			);
			runOnlyForDeploymentPostprocessing = 0;
		};
/* End PBXFrameworksBuildPhase section */

/* Begin PBXGroup section */
		DAA5E6FB1A91A97E0010BB30 /* include */ = {
			isa = PBXGroup;
			children = (
				DAA5E6FC1A91A97E0010BB30 /* VTBaseRequest.h */,
				DAA5E6FD1A91A97E0010BB30 /* VTBaseResponse.h */,
				DAA5E6FE1A91A97E0010BB30 /* VTCardDetails.h */,
				DAA5E6FF1A91A97E0010BB30 /* VTChargeRequest.h */,
				DAA5E7001A91A97E0010BB30 /* VTChargeResponse.h */,
				DAA5E7011A91A97E0010BB30 /* VTConfirmTransactionRequest.h */,
				DAA5E7021A91A97E0010BB30 /* VTConfirmTransactionResponse.h */,
				DAA5E7031A91A97E0010BB30 /* VTConstants.h */,
				DAA5E7041A91A97E0010BB30 /* VTGetProductResponse.h */,
				DAA5E7051A91A97E0010BB30 /* VTHttpContainer.h */,
				DAA5E7061A91A97E0010BB30 /* VTMobile.h */,
				DAA5E7071A91A97E0010BB30 /* VTMobileConfig.h */,
				DAA5E7081A91A97E0010BB30 /* VTProduct.h */,
				DAA5E7091A91A97E0010BB30 /* VTTokenData.h */,
				DAA5E70A1A91A97E0010BB30 /* VTTokenRequest.h */,
				DAA5E70B1A91A97E0010BB30 /* VTTokenResponse.h */,
				DAA5E70D1A91AA320010BB30 /* VTMobileSDK-Bridging-Header.h */,
			);
			path = include;
			sourceTree = "<group>";
		};
		DAA5E70E1A91AB7E0010BB30 /* JSONModel */ = {
			isa = PBXGroup;
			children = (
				DAA5E70F1A91AB7E0010BB30 /* JSONModel */,
				DAA5E7181A91AB7E0010BB30 /* JSONModelCategories */,
				DAA5E71B1A91AB7E0010BB30 /* JSONModelLib.h */,
				DAA5E71C1A91AB7E0010BB30 /* JSONModelNetworking */,
				DAA5E7231A91AB7E0010BB30 /* JSONModelTransformations */,
			);
			name = JSONModel;
			path = "../../trial/JSONModel-master/JSONModel";
			sourceTree = "<group>";
		};
		DAA5E70F1A91AB7E0010BB30 /* JSONModel */ = {
			isa = PBXGroup;
			children = (
				DAA5E7101A91AB7E0010BB30 /* JSONModel.h */,
				DAA5E7111A91AB7E0010BB30 /* JSONModel.m */,
				DAA5E7121A91AB7E0010BB30 /* JSONModelArray.h */,
				DAA5E7131A91AB7E0010BB30 /* JSONModelArray.m */,
				DAA5E7141A91AB7E0010BB30 /* JSONModelClassProperty.h */,
				DAA5E7151A91AB7E0010BB30 /* JSONModelClassProperty.m */,
				DAA5E7161A91AB7E0010BB30 /* JSONModelError.h */,
				DAA5E7171A91AB7E0010BB30 /* JSONModelError.m */,
			);
			path = JSONModel;
			sourceTree = "<group>";
		};
		DAA5E7181A91AB7E0010BB30 /* JSONModelCategories */ = {
			isa = PBXGroup;
			children = (
				DAA5E7191A91AB7E0010BB30 /* NSArray+JSONModel.h */,
				DAA5E71A1A91AB7E0010BB30 /* NSArray+JSONModel.m */,
			);
			path = JSONModelCategories;
			sourceTree = "<group>";
		};
		DAA5E71C1A91AB7E0010BB30 /* JSONModelNetworking */ = {
			isa = PBXGroup;
			children = (
				DAA5E71D1A91AB7E0010BB30 /* JSONAPI.h */,
				DAA5E71E1A91AB7E0010BB30 /* JSONAPI.m */,
				DAA5E71F1A91AB7E0010BB30 /* JSONHTTPClient.h */,
				DAA5E7201A91AB7E0010BB30 /* JSONHTTPClient.m */,
				DAA5E7211A91AB7E0010BB30 /* JSONModel+networking.h */,
				DAA5E7221A91AB7E0010BB30 /* JSONModel+networking.m */,
			);
			path = JSONModelNetworking;
			sourceTree = "<group>";
		};
		DAA5E7231A91AB7E0010BB30 /* JSONModelTransformations */ = {
			isa = PBXGroup;
			children = (
				DAA5E7241A91AB7E0010BB30 /* JSONKeyMapper.h */,
				DAA5E7251A91AB7E0010BB30 /* JSONKeyMapper.m */,
				DAA5E7261A91AB7E0010BB30 /* JSONValueTransformer.h */,
				DAA5E7271A91AB7E0010BB30 /* JSONValueTransformer.m */,
			);
			path = JSONModelTransformations;
			sourceTree = "<group>";
		};
		DAAF36CB1A8CA83900EB89BC = {
			isa = PBXGroup;
			children = (
				DAA5E70E1A91AB7E0010BB30 /* JSONModel */,
				DAA5E6FB1A91A97E0010BB30 /* include */,
				DAA5E6F91A91A9690010BB30 /* libVTMobileSDK.a */,
				DAAF36D61A8CA83A00EB89BC /* VTMobileSDK-SampleiOS */,
				DAAF36EC1A8CA83A00EB89BC /* VTMobileSDK-SampleiOSTests */,
				DAAF36D51A8CA83A00EB89BC /* Products */,
			);
			sourceTree = "<group>";
		};
		DAAF36D51A8CA83A00EB89BC /* Products */ = {
			isa = PBXGroup;
			children = (
				DAAF36D41A8CA83A00EB89BC /* VTMobileSDK-SampleiOS.app */,
				DAAF36E91A8CA83A00EB89BC /* VTMobileSDK-SampleiOSTests.xctest */,
			);
			name = Products;
			sourceTree = "<group>";
		};
		DAAF36D61A8CA83A00EB89BC /* VTMobileSDK-SampleiOS */ = {
			isa = PBXGroup;
			children = (
				DABE1A9A1A8DF8FB00F29A8F /* Model */,
				DAAF36D91A8CA83A00EB89BC /* AppDelegate.swift */,
				DAAF36DB1A8CA83A00EB89BC /* ViewController.swift */,
				DAAF36DD1A8CA83A00EB89BC /* Main.storyboard */,
				DAAF36E01A8CA83A00EB89BC /* Images.xcassets */,
				DAAF36E21A8CA83A00EB89BC /* LaunchScreen.xib */,
				DAAF36D71A8CA83A00EB89BC /* Supporting Files */,
				DAA5E7321A91EC160010BB30 /* CheckoutController.swift */,
			);
			path = "VTMobileSDK-SampleiOS";
			sourceTree = "<group>";
		};
		DAAF36D71A8CA83A00EB89BC /* Supporting Files */ = {
			isa = PBXGroup;
			children = (
				DAAF36D81A8CA83A00EB89BC /* Info.plist */,
			);
			name = "Supporting Files";
			sourceTree = "<group>";
		};
		DAAF36EC1A8CA83A00EB89BC /* VTMobileSDK-SampleiOSTests */ = {
			isa = PBXGroup;
			children = (
				DAAF36EF1A8CA83A00EB89BC /* VTMobileSDK_SampleiOSTests.swift */,
				DAAF36ED1A8CA83A00EB89BC /* Supporting Files */,
			);
			path = "VTMobileSDK-SampleiOSTests";
			sourceTree = "<group>";
		};
		DAAF36ED1A8CA83A00EB89BC /* Supporting Files */ = {
			isa = PBXGroup;
			children = (
				DAAF36EE1A8CA83A00EB89BC /* Info.plist */,
			);
			name = "Supporting Files";
			sourceTree = "<group>";
		};
		DABE1A9A1A8DF8FB00F29A8F /* Model */ = {
			isa = PBXGroup;
			children = (
				DABE1A9B1A8DF90700F29A8F /* VTItem.swift */,
				DAA5E7361A91ED650010BB30 /* VTCheckout.swift */,
			);
			name = Model;
			sourceTree = "<group>";
		};
/* End PBXGroup section */

/* Begin PBXNativeTarget section */
		DAAF36D31A8CA83900EB89BC /* VTMobileSDK-SampleiOS */ = {
			isa = PBXNativeTarget;
			buildConfigurationList = DAAF36F31A8CA83A00EB89BC /* Build configuration list for PBXNativeTarget "VTMobileSDK-SampleiOS" */;
			buildPhases = (
				DAAF36D01A8CA83900EB89BC /* Sources */,
				DAAF36D11A8CA83900EB89BC /* Frameworks */,
				DAAF36D21A8CA83900EB89BC /* Resources */,
			);
			buildRules = (
			);
			dependencies = (
			);
			name = "VTMobileSDK-SampleiOS";
			productName = "VTMobileSDK-SampleiOS";
			productReference = DAAF36D41A8CA83A00EB89BC /* VTMobileSDK-SampleiOS.app */;
			productType = "com.apple.product-type.application";
		};
		DAAF36E81A8CA83A00EB89BC /* VTMobileSDK-SampleiOSTests */ = {
			isa = PBXNativeTarget;
			buildConfigurationList = DAAF36F61A8CA83A00EB89BC /* Build configuration list for PBXNativeTarget "VTMobileSDK-SampleiOSTests" */;
			buildPhases = (
				DAAF36E51A8CA83A00EB89BC /* Sources */,
				DAAF36E61A8CA83A00EB89BC /* Frameworks */,
				DAAF36E71A8CA83A00EB89BC /* Resources */,
			);
			buildRules = (
			);
			dependencies = (
				DAAF36EB1A8CA83A00EB89BC /* PBXTargetDependency */,
			);
			name = "VTMobileSDK-SampleiOSTests";
			productName = "VTMobileSDK-SampleiOSTests";
			productReference = DAAF36E91A8CA83A00EB89BC /* VTMobileSDK-SampleiOSTests.xctest */;
			productType = "com.apple.product-type.bundle.unit-test";
		};
/* End PBXNativeTarget section */

/* Begin PBXProject section */
		DAAF36CC1A8CA83900EB89BC /* Project object */ = {
			isa = PBXProject;
			attributes = {
				LastUpgradeCheck = 0610;
				ORGANIZATIONNAME = "Veritrans Indonesia";
				TargetAttributes = {
					DAAF36D31A8CA83900EB89BC = {
						CreatedOnToolsVersion = 6.1.1;
					};
					DAAF36E81A8CA83A00EB89BC = {
						CreatedOnToolsVersion = 6.1.1;
						TestTargetID = DAAF36D31A8CA83900EB89BC;
					};
				};
			};
			buildConfigurationList = DAAF36CF1A8CA83900EB89BC /* Build configuration list for PBXProject "VTMobileSDK-SampleiOS" */;
			compatibilityVersion = "Xcode 3.2";
			developmentRegion = English;
			hasScannedForEncodings = 0;
			knownRegions = (
				en,
				Base,
			);
			mainGroup = DAAF36CB1A8CA83900EB89BC;
			productRefGroup = DAAF36D51A8CA83A00EB89BC /* Products */;
			projectDirPath = "";
			projectRoot = "";
			targets = (
				DAAF36D31A8CA83900EB89BC /* VTMobileSDK-SampleiOS */,
				DAAF36E81A8CA83A00EB89BC /* VTMobileSDK-SampleiOSTests */,
			);
		};
/* End PBXProject section */

/* Begin PBXResourcesBuildPhase section */
		DAAF36D21A8CA83900EB89BC /* Resources */ = {
			isa = PBXResourcesBuildPhase;
			buildActionMask = 2147483647;
			files = (
				DAAF36DF1A8CA83A00EB89BC /* Main.storyboard in Resources */,
				DAAF36E41A8CA83A00EB89BC /* LaunchScreen.xib in Resources */,
				DAAF36E11A8CA83A00EB89BC /* Images.xcassets in Resources */,
			);
			runOnlyForDeploymentPostprocessing = 0;
		};
		DAAF36E71A8CA83A00EB89BC /* Resources */ = {
			isa = PBXResourcesBuildPhase;
			buildActionMask = 2147483647;
			files = (
			);
			runOnlyForDeploymentPostprocessing = 0;
		};
/* End PBXResourcesBuildPhase section */

/* Begin PBXSourcesBuildPhase section */
		DAAF36D01A8CA83900EB89BC /* Sources */ = {
			isa = PBXSourcesBuildPhase;
			buildActionMask = 2147483647;
			files = (
				DAA5E72E1A91AB7E0010BB30 /* JSONHTTPClient.m in Sources */,
				DAA5E7291A91AB7E0010BB30 /* JSONModelArray.m in Sources */,
				DAA5E72B1A91AB7E0010BB30 /* JSONModelError.m in Sources */,
				DAA5E72D1A91AB7E0010BB30 /* JSONAPI.m in Sources */,
				DAA5E7311A91AB7E0010BB30 /* JSONValueTransformer.m in Sources */,
				DAA5E7331A91EC160010BB30 /* CheckoutController.swift in Sources */,
				DABE1A9C1A8DF90700F29A8F /* VTItem.swift in Sources */,
				DAA5E7281A91AB7E0010BB30 /* JSONModel.m in Sources */,
				DAA5E7371A91ED650010BB30 /* VTCheckout.swift in Sources */,
				DAA5E7301A91AB7E0010BB30 /* JSONKeyMapper.m in Sources */,
				DAA5E72F1A91AB7E0010BB30 /* JSONModel+networking.m in Sources */,
				DAA5E72C1A91AB7E0010BB30 /* NSArray+JSONModel.m in Sources */,
				DAAF36DC1A8CA83A00EB89BC /* ViewController.swift in Sources */,
				DAAF36DA1A8CA83A00EB89BC /* AppDelegate.swift in Sources */,
				DAA5E72A1A91AB7E0010BB30 /* JSONModelClassProperty.m in Sources */,
			);
			runOnlyForDeploymentPostprocessing = 0;
		};
		DAAF36E51A8CA83A00EB89BC /* Sources */ = {
			isa = PBXSourcesBuildPhase;
			buildActionMask = 2147483647;
			files = (
				DAAF36F01A8CA83A00EB89BC /* VTMobileSDK_SampleiOSTests.swift in Sources */,
			);
			runOnlyForDeploymentPostprocessing = 0;
		};
/* End PBXSourcesBuildPhase section */

/* Begin PBXTargetDependency section */
		DAAF36EB1A8CA83A00EB89BC /* PBXTargetDependency */ = {
			isa = PBXTargetDependency;
			target = DAAF36D31A8CA83900EB89BC /* VTMobileSDK-SampleiOS */;
			targetProxy = DAAF36EA1A8CA83A00EB89BC /* PBXContainerItemProxy */;
		};
/* End PBXTargetDependency section */

/* Begin PBXVariantGroup section */
		DAAF36DD1A8CA83A00EB89BC /* Main.storyboard */ = {
			isa = PBXVariantGroup;
			children = (
				DAAF36DE1A8CA83A00EB89BC /* Base */,
			);
			name = Main.storyboard;
			sourceTree = "<group>";
		};
		DAAF36E21A8CA83A00EB89BC /* LaunchScreen.xib */ = {
			isa = PBXVariantGroup;
			children = (
				DAAF36E31A8CA83A00EB89BC /* Base */,
			);
			name = LaunchScreen.xib;
			sourceTree = "<group>";
		};
/* End PBXVariantGroup section */

/* Begin XCBuildConfiguration section */
		DAAF36F11A8CA83A00EB89BC /* Debug */ = {
			isa = XCBuildConfiguration;
			buildSettings = {
				ALWAYS_SEARCH_USER_PATHS = NO;
				CLANG_CXX_LANGUAGE_STANDARD = "gnu++0x";
				CLANG_CXX_LIBRARY = "libc++";
				CLANG_ENABLE_MODULES = YES;
				CLANG_ENABLE_OBJC_ARC = YES;
				CLANG_WARN_BOOL_CONVERSION = YES;
				CLANG_WARN_CONSTANT_CONVERSION = YES;
				CLANG_WARN_DIRECT_OBJC_ISA_USAGE = YES_ERROR;
				CLANG_WARN_EMPTY_BODY = YES;
				CLANG_WARN_ENUM_CONVERSION = YES;
				CLANG_WARN_INT_CONVERSION = YES;
				CLANG_WARN_OBJC_ROOT_CLASS = YES_ERROR;
				CLANG_WARN_UNREACHABLE_CODE = YES;
				CLANG_WARN__DUPLICATE_METHOD_MATCH = YES;
				"CODE_SIGN_IDENTITY[sdk=iphoneos*]" = "iPhone Developer";
				COPY_PHASE_STRIP = NO;
				ENABLE_STRICT_OBJC_MSGSEND = YES;
				GCC_C_LANGUAGE_STANDARD = gnu99;
				GCC_DYNAMIC_NO_PIC = NO;
				GCC_OPTIMIZATION_LEVEL = 0;
				GCC_PREPROCESSOR_DEFINITIONS = (
					"DEBUG=1",
					"$(inherited)",
				);
				GCC_SYMBOLS_PRIVATE_EXTERN = NO;
				GCC_WARN_64_TO_32_BIT_CONVERSION = YES;
				GCC_WARN_ABOUT_RETURN_TYPE = YES_ERROR;
				GCC_WARN_UNDECLARED_SELECTOR = YES;
				GCC_WARN_UNINITIALIZED_AUTOS = YES_AGGRESSIVE;
				GCC_WARN_UNUSED_FUNCTION = YES;
				GCC_WARN_UNUSED_VARIABLE = YES;
				IPHONEOS_DEPLOYMENT_TARGET = 8.1;
				MTL_ENABLE_DEBUG_INFO = YES;
				ONLY_ACTIVE_ARCH = YES;
				SDKROOT = iphoneos;
				SWIFT_OPTIMIZATION_LEVEL = "-Onone";
				TARGETED_DEVICE_FAMILY = "1,2";
			};
			name = Debug;
		};
		DAAF36F21A8CA83A00EB89BC /* Release */ = {
			isa = XCBuildConfiguration;
			buildSettings = {
				ALWAYS_SEARCH_USER_PATHS = NO;
				CLANG_CXX_LANGUAGE_STANDARD = "gnu++0x";
				CLANG_CXX_LIBRARY = "libc++";
				CLANG_ENABLE_MODULES = YES;
				CLANG_ENABLE_OBJC_ARC = YES;
				CLANG_WARN_BOOL_CONVERSION = YES;
				CLANG_WARN_CONSTANT_CONVERSION = YES;
				CLANG_WARN_DIRECT_OBJC_ISA_USAGE = YES_ERROR;
				CLANG_WARN_EMPTY_BODY = YES;
				CLANG_WARN_ENUM_CONVERSION = YES;
				CLANG_WARN_INT_CONVERSION = YES;
				CLANG_WARN_OBJC_ROOT_CLASS = YES_ERROR;
				CLANG_WARN_UNREACHABLE_CODE = YES;
				CLANG_WARN__DUPLICATE_METHOD_MATCH = YES;
				"CODE_SIGN_IDENTITY[sdk=iphoneos*]" = "iPhone Developer";
				COPY_PHASE_STRIP = YES;
				ENABLE_NS_ASSERTIONS = NO;
				ENABLE_STRICT_OBJC_MSGSEND = YES;
				GCC_C_LANGUAGE_STANDARD = gnu99;
				GCC_WARN_64_TO_32_BIT_CONVERSION = YES;
				GCC_WARN_ABOUT_RETURN_TYPE = YES_ERROR;
				GCC_WARN_UNDECLARED_SELECTOR = YES;
				GCC_WARN_UNINITIALIZED_AUTOS = YES_AGGRESSIVE;
				GCC_WARN_UNUSED_FUNCTION = YES;
				GCC_WARN_UNUSED_VARIABLE = YES;
				IPHONEOS_DEPLOYMENT_TARGET = 8.1;
				MTL_ENABLE_DEBUG_INFO = NO;
				SDKROOT = iphoneos;
				TARGETED_DEVICE_FAMILY = "1,2";
				VALIDATE_PRODUCT = YES;
			};
			name = Release;
		};
		DAAF36F41A8CA83A00EB89BC /* Debug */ = {
			isa = XCBuildConfiguration;
			buildSettings = {
				ASSETCATALOG_COMPILER_APPICON_NAME = AppIcon;
				INFOPLIST_FILE = "VTMobileSDK-SampleiOS/Info.plist";
				LD_RUNPATH_SEARCH_PATHS = "$(inherited) @executable_path/Frameworks";
				LIBRARY_SEARCH_PATHS = (
					"$(inherited)",
					"$(PROJECT_DIR)/libs",
				);
				PRODUCT_NAME = "$(TARGET_NAME)";
				SWIFT_OBJC_BRIDGING_HEADER = "$SOURCE_ROOT/include/VTMobileSDK-Bridging-Header.h";
			};
			name = Debug;
		};
		DAAF36F51A8CA83A00EB89BC /* Release */ = {
			isa = XCBuildConfiguration;
			buildSettings = {
				ASSETCATALOG_COMPILER_APPICON_NAME = AppIcon;
				INFOPLIST_FILE = "VTMobileSDK-SampleiOS/Info.plist";
				LD_RUNPATH_SEARCH_PATHS = "$(inherited) @executable_path/Frameworks";
				LIBRARY_SEARCH_PATHS = (
					"$(inherited)",
					"$(PROJECT_DIR)/libs",
				);
				PRODUCT_NAME = "$(TARGET_NAME)";
				SWIFT_OBJC_BRIDGING_HEADER = "$SOURCE_ROOT/include/VTMobileSDK-Bridging-Header.h";
			};
			name = Release;
		};
		DAAF36F71A8CA83A00EB89BC /* Debug */ = {
			isa = XCBuildConfiguration;
			buildSettings = {
				BUNDLE_LOADER = "$(TEST_HOST)";
				FRAMEWORK_SEARCH_PATHS = (
					"$(SDKROOT)/Developer/Library/Frameworks",
					"$(inherited)",
				);
				GCC_PREPROCESSOR_DEFINITIONS = (
					"DEBUG=1",
					"$(inherited)",
				);
				INFOPLIST_FILE = "VTMobileSDK-SampleiOSTests/Info.plist";
				LD_RUNPATH_SEARCH_PATHS = "$(inherited) @executable_path/Frameworks @loader_path/Frameworks";
				PRODUCT_NAME = "$(TARGET_NAME)";
				TEST_HOST = "$(BUILT_PRODUCTS_DIR)/VTMobileSDK-SampleiOS.app/VTMobileSDK-SampleiOS";
			};
			name = Debug;
		};
		DAAF36F81A8CA83A00EB89BC /* Release */ = {
			isa = XCBuildConfiguration;
			buildSettings = {
				BUNDLE_LOADER = "$(TEST_HOST)";
				FRAMEWORK_SEARCH_PATHS = (
					"$(SDKROOT)/Developer/Library/Frameworks",
					"$(inherited)",
				);
				INFOPLIST_FILE = "VTMobileSDK-SampleiOSTests/Info.plist";
				LD_RUNPATH_SEARCH_PATHS = "$(inherited) @executable_path/Frameworks @loader_path/Frameworks";
				PRODUCT_NAME = "$(TARGET_NAME)";
				TEST_HOST = "$(BUILT_PRODUCTS_DIR)/VTMobileSDK-SampleiOS.app/VTMobileSDK-SampleiOS";
			};
			name = Release;
		};
/* End XCBuildConfiguration section */

/* Begin XCConfigurationList section */
		DAAF36CF1A8CA83900EB89BC /* Build configuration list for PBXProject "VTMobileSDK-SampleiOS" */ = {
			isa = XCConfigurationList;
			buildConfigurations = (
				DAAF36F11A8CA83A00EB89BC /* Debug */,
				DAAF36F21A8CA83A00EB89BC /* Release */,
			);
			defaultConfigurationIsVisible = 0;
			defaultConfigurationName = Release;
		};
		DAAF36F31A8CA83A00EB89BC /* Build configuration list for PBXNativeTarget "VTMobileSDK-SampleiOS" */ = {
			isa = XCConfigurationList;
			buildConfigurations = (
				DAAF36F41A8CA83A00EB89BC /* Debug */,
				DAAF36F51A8CA83A00EB89BC /* Release */,
			);
			defaultConfigurationIsVisible = 0;
			defaultConfigurationName = Release;
		};
		DAAF36F61A8CA83A00EB89BC /* Build configuration list for PBXNativeTarget "VTMobileSDK-SampleiOSTests" */ = {
			isa = XCConfigurationList;
			buildConfigurations = (
				DAAF36F71A8CA83A00EB89BC /* Debug */,
				DAAF36F81A8CA83A00EB89BC /* Release */,
			);
			defaultConfigurationIsVisible = 0;
			defaultConfigurationName = Release;
		};
/* End XCConfigurationList section */
	};
	rootObject = DAAF36CC1A8CA83900EB89BC /* Project object */;
}
